// !$*UTF8*$!
{
	archiveVersion = 1;
	classes = {
	};
	objectVersion = 46;
	objects = {

/* Begin PBXBuildFile section */
		19E27E691DE1F1200092CE42 /* edge_gr14.cpp in Sources */ = {isa = PBXBuildFile; fileRef = 19E27E631DE1F1200092CE42 /* edge_gr14.cpp */; };
		19E27E6A1DE1F1200092CE42 /* node_gr14.cpp in Sources */ = {isa = PBXBuildFile; fileRef = 19E27E651DE1F1200092CE42 /* node_gr14.cpp */; };
		19E27E6B1DE1F1200092CE42 /* path_planning_gr14.cc in Sources */ = {isa = PBXBuildFile; fileRef = 19E27E671DE1F1200092CE42 /* path_planning_gr14.cc */; };
		19E27E6C1DE21FA30092CE42 /* main.cpp in Sources */ = {isa = PBXBuildFile; fileRef = 19E27E5C1DE1F0D50092CE42 /* main.cpp */; };
/* End PBXBuildFile section */

/* Begin PBXCopyFilesBuildPhase section */
		19E27E571DE1F0D50092CE42 /* CopyFiles */ = {
			isa = PBXCopyFilesBuildPhase;
			buildActionMask = 2147483647;
			dstPath = /usr/share/man/man1/;
			dstSubfolderSpec = 0;
			files = (
			);
			runOnlyForDeploymentPostprocessing = 1;
		};
/* End PBXCopyFilesBuildPhase section */

/* Begin PBXFileReference section */
		19E27E591DE1F0D50092CE42 /* path_planning */ = {isa = PBXFileReference; explicitFileType = "compiled.mach-o.executable"; includeInIndex = 0; path = path_planning; sourceTree = BUILT_PRODUCTS_DIR; };
		19E27E5C1DE1F0D50092CE42 /* main.cpp */ = {isa = PBXFileReference; lastKnownFileType = sourcecode.cpp.cpp; path = main.cpp; sourceTree = "<group>"; };
		19E27E631DE1F1200092CE42 /* edge_gr14.cpp */ = {isa = PBXFileReference; fileEncoding = 4; lastKnownFileType = sourcecode.cpp.cpp; path = edge_gr14.cpp; sourceTree = "<group>"; };
		19E27E641DE1F1200092CE42 /* edge_gr14.h */ = {isa = PBXFileReference; fileEncoding = 4; lastKnownFileType = sourcecode.c.h; path = edge_gr14.h; sourceTree = "<group>"; };
		19E27E651DE1F1200092CE42 /* node_gr14.cpp */ = {isa = PBXFileReference; fileEncoding = 4; lastKnownFileType = sourcecode.cpp.cpp; path = node_gr14.cpp; sourceTree = "<group>"; };
		19E27E661DE1F1200092CE42 /* node_gr14.h */ = {isa = PBXFileReference; fileEncoding = 4; lastKnownFileType = sourcecode.c.h; path = node_gr14.h; sourceTree = "<group>"; };
		19E27E671DE1F1200092CE42 /* path_planning_gr14.cc */ = {isa = PBXFileReference; fileEncoding = 4; lastKnownFileType = sourcecode.cpp.cpp; path = path_planning_gr14.cc; sourceTree = "<group>"; };
		19E27E681DE1F1200092CE42 /* path_planning_gr14.h */ = {isa = PBXFileReference; fileEncoding = 4; lastKnownFileType = sourcecode.c.h; path = path_planning_gr14.h; sourceTree = "<group>"; };
/* End PBXFileReference section */

/* Begin PBXFrameworksBuildPhase section */
		19E27E561DE1F0D50092CE42 /* Frameworks */ = {
			isa = PBXFrameworksBuildPhase;
			buildActionMask = 2147483647;
			files = (
			);
			runOnlyForDeploymentPostprocessing = 0;
		};
/* End PBXFrameworksBuildPhase section */

/* Begin PBXGroup section */
		19E27E501DE1F0D40092CE42 = {
			isa = PBXGroup;
			children = (
				19E27E5B1DE1F0D50092CE42 /* path_planning */,
				19E27E5A1DE1F0D50092CE42 /* Products */,
			);
			sourceTree = "<group>";
		};
		19E27E5A1DE1F0D50092CE42 /* Products */ = {
			isa = PBXGroup;
			children = (
				19E27E591DE1F0D50092CE42 /* path_planning */,
			);
			name = Products;
			sourceTree = "<group>";
		};
		19E27E5B1DE1F0D50092CE42 /* path_planning */ = {
			isa = PBXGroup;
			children = (
				19E27E631DE1F1200092CE42 /* edge_gr14.cpp */,
				19E27E641DE1F1200092CE42 /* edge_gr14.h */,
				19E27E651DE1F1200092CE42 /* node_gr14.cpp */,
				19E27E661DE1F1200092CE42 /* node_gr14.h */,
				19E27E671DE1F1200092CE42 /* path_planning_gr14.cc */,
				19E27E681DE1F1200092CE42 /* path_planning_gr14.h */,
				19E27E5C1DE1F0D50092CE42 /* main.cpp */,
			);
			path = path_planning;
			sourceTree = "<group>";
		};
/* End PBXGroup section */

/* Begin PBXNativeTarget section */
		19E27E581DE1F0D50092CE42 /* path_planning */ = {
			isa = PBXNativeTarget;
			buildConfigurationList = 19E27E601DE1F0D50092CE42 /* Build configuration list for PBXNativeTarget "path_planning" */;
			buildPhases = (
				19E27E551DE1F0D50092CE42 /* Sources */,
				19E27E561DE1F0D50092CE42 /* Frameworks */,
				19E27E571DE1F0D50092CE42 /* CopyFiles */,
			);
			buildRules = (
			);
			dependencies = (
			);
			name = path_planning;
			productName = path_planning;
			productReference = 19E27E591DE1F0D50092CE42 /* path_planning */;
			productType = "com.apple.product-type.tool";
		};
/* End PBXNativeTarget section */

/* Begin PBXProject section */
		19E27E511DE1F0D40092CE42 /* Project object */ = {
			isa = PBXProject;
			attributes = {
				LastUpgradeCheck = 0730;
				ORGANIZATIONNAME = "Antoine Laurens";
				TargetAttributes = {
					19E27E581DE1F0D50092CE42 = {
						CreatedOnToolsVersion = 7.3.1;
					};
				};
			};
			buildConfigurationList = 19E27E541DE1F0D40092CE42 /* Build configuration list for PBXProject "path_planning" */;
			compatibilityVersion = "Xcode 3.2";
			developmentRegion = English;
			hasScannedForEncodings = 0;
			knownRegions = (
				en,
			);
			mainGroup = 19E27E501DE1F0D40092CE42;
			productRefGroup = 19E27E5A1DE1F0D50092CE42 /* Products */;
			projectDirPath = "";
			projectRoot = "";
			targets = (
				19E27E581DE1F0D50092CE42 /* path_planning */,
			);
		};
/* End PBXProject section */

/* Begin PBXSourcesBuildPhase section */
		19E27E551DE1F0D50092CE42 /* Sources */ = {
			isa = PBXSourcesBuildPhase;
			buildActionMask = 2147483647;
			files = (
				19E27E691DE1F1200092CE42 /* edge_gr14.cpp in Sources */,
				19E27E6B1DE1F1200092CE42 /* path_planning_gr14.cc in Sources */,
				19E27E6C1DE21FA30092CE42 /* main.cpp in Sources */,
				19E27E6A1DE1F1200092CE42 /* node_gr14.cpp in Sources */,
			);
			runOnlyForDeploymentPostprocessing = 0;
		};
/* End PBXSourcesBuildPhase section */

/* Begin XCBuildConfiguration section */
		19E27E5E1DE1F0D50092CE42 /* Debug */ = {
			isa = XCBuildConfiguration;
			buildSettings = {
				ALWAYS_SEARCH_USER_PATHS = NO;
				CLANG_ANALYZER_NONNULL = YES;
				CLANG_CXX_LANGUAGE_STANDARD = "gnu++0x";
				CLANG_CXX_LIBRARY = "libc++";
				CLANG_ENABLE_MODULES = YES;
				CLANG_ENABLE_OBJC_ARC = YES;
				CLANG_WARN_BOOL_CONVERSION = YES;
				CLANG_WARN_CONSTANT_CONVERSION = YES;
				CLANG_WARN_DIRECT_OBJC_ISA_USAGE = YES_ERROR;
				CLANG_WARN_EMPTY_BODY = YES;
				CLANG_WARN_ENUM_CONVERSION = YES;
				CLANG_WARN_INT_CONVERSION = YES;
				CLANG_WARN_OBJC_ROOT_CLASS = YES_ERROR;
				CLANG_WARN_UNREACHABLE_CODE = YES;
				CLANG_WARN__DUPLICATE_METHOD_MATCH = YES;
				CODE_SIGN_IDENTITY = "-";
				COPY_PHASE_STRIP = NO;
				DEBUG_INFORMATION_FORMAT = dwarf;
				ENABLE_STRICT_OBJC_MSGSEND = YES;
				ENABLE_TESTABILITY = YES;
				GCC_C_LANGUAGE_STANDARD = gnu99;
				GCC_DYNAMIC_NO_PIC = NO;
				GCC_NO_COMMON_BLOCKS = YES;
				GCC_OPTIMIZATION_LEVEL = 0;
				GCC_PREPROCESSOR_DEFINITIONS = (
					"DEBUG=1",
					"$(inherited)",
				);
				GCC_WARN_64_TO_32_BIT_CONVERSION = YES;
				GCC_WARN_ABOUT_RETURN_TYPE = YES_ERROR;
				GCC_WARN_UNDECLARED_SELECTOR = YES;
				GCC_WARN_UNINITIALIZED_AUTOS = YES_AGGRESSIVE;
				GCC_WARN_UNUSED_FUNCTION = YES;
				GCC_WARN_UNUSED_VARIABLE = YES;
				MACOSX_DEPLOYMENT_TARGET = 10.11;
				MTL_ENABLE_DEBUG_INFO = YES;
				ONLY_ACTIVE_ARCH = YES;
				SDKROOT = macosx;
			};
			name = Debug;
		};
		19E27E5F1DE1F0D50092CE42 /* Release */ = {
			isa = XCBuildConfiguration;
			buildSettings = {
				ALWAYS_SEARCH_USER_PATHS = NO;
				CLANG_ANALYZER_NONNULL = YES;
				CLANG_CXX_LANGUAGE_STANDARD = "gnu++0x";
				CLANG_CXX_LIBRARY = "libc++";
				CLANG_ENABLE_MODULES = YES;
				CLANG_ENABLE_OBJC_ARC = YES;
				CLANG_WARN_BOOL_CONVERSION = YES;
				CLANG_WARN_CONSTANT_CONVERSION = YES;
				CLANG_WARN_DIRECT_OBJC_ISA_USAGE = YES_ERROR;
				CLANG_WARN_EMPTY_BODY = YES;
				CLANG_WARN_ENUM_CONVERSION = YES;
				CLANG_WARN_INT_CONVERSION = YES;
				CLANG_WARN_OBJC_ROOT_CLASS = YES_ERROR;
				CLANG_WARN_UNREACHABLE_CODE = YES;
				CLANG_WARN__DUPLICATE_METHOD_MATCH = YES;
				CODE_SIGN_IDENTITY = "-";
				COPY_PHASE_STRIP = NO;
				DEBUG_INFORMATION_FORMAT = "dwarf-with-dsym";
				ENABLE_NS_ASSERTIONS = NO;
				ENABLE_STRICT_OBJC_MSGSEND = YES;
				GCC_C_LANGUAGE_STANDARD = gnu99;
				GCC_NO_COMMON_BLOCKS = YES;
				GCC_WARN_64_TO_32_BIT_CONVERSION = YES;
				GCC_WARN_ABOUT_RETURN_TYPE = YES_ERROR;
				GCC_WARN_UNDECLARED_SELECTOR = YES;
				GCC_WARN_UNINITIALIZED_AUTOS = YES_AGGRESSIVE;
				GCC_WARN_UNUSED_FUNCTION = YES;
				GCC_WARN_UNUSED_VARIABLE = YES;
				MACOSX_DEPLOYMENT_TARGET = 10.11;
				MTL_ENABLE_DEBUG_INFO = NO;
				SDKROOT = macosx;
			};
			name = Release;
		};
		19E27E611DE1F0D50092CE42 /* Debug */ = {
			isa = XCBuildConfiguration;
			buildSettings = {
				PRODUCT_NAME = "$(TARGET_NAME)";
			};
			name = Debug;
		};
		19E27E621DE1F0D50092CE42 /* Release */ = {
			isa = XCBuildConfiguration;
			buildSettings = {
				PRODUCT_NAME = "$(TARGET_NAME)";
			};
			name = Release;
		};
/* End XCBuildConfiguration section */

/* Begin XCConfigurationList section */
		19E27E541DE1F0D40092CE42 /* Build configuration list for PBXProject "path_planning" */ = {
			isa = XCConfigurationList;
			buildConfigurations = (
				19E27E5E1DE1F0D50092CE42 /* Debug */,
				19E27E5F1DE1F0D50092CE42 /* Release */,
			);
			defaultConfigurationIsVisible = 0;
			defaultConfigurationName = Release;
		};
		19E27E601DE1F0D50092CE42 /* Build configuration list for PBXNativeTarget "path_planning" */ = {
			isa = XCConfigurationList;
			buildConfigurations = (
				19E27E611DE1F0D50092CE42 /* Debug */,
				19E27E621DE1F0D50092CE42 /* Release */,
			);
			defaultConfigurationIsVisible = 0;
		};
/* End XCConfigurationList section */
	};
	rootObject = 19E27E511DE1F0D40092CE42 /* Project object */;
}
